
Microsoft Visual Studio Solution File, Format Version 12.00
# Visual Studio 15
VisualStudioVersion = 15.0.28307.572
MinimumVisualStudioVersion = 10.0.40219.1
Project("{FAE04EC0-301F-11D3-BF4B-00C04F79EFBC}") = "13 may 2019", "13 may 2019\13 may 2019.csproj", "{2DEFC5EB-B18C-40D9-B5B9-5D73DD03554D}"
EndProject
Global
	GlobalSection(SolutionConfigurationPlatforms) = preSolution
		Debug|Any CPU = Debug|Any CPU
		Release|Any CPU = Release|Any CPU
	EndGlobalSection
	GlobalSection(ProjectConfigurationPlatforms) = postSolution
		{2DEFC5EB-B18C-40D9-B5B9-5D73DD03554D}.Debug|Any CPU.ActiveCfg = Debug|Any CPU
		{2DEFC5EB-B18C-40D9-B5B9-5D73DD03554D}.Debug|Any CPU.Build.0 = Debug|Any CPU
		{2DEFC5EB-B18C-40D9-B5B9-5D73DD03554D}.Release|Any CPU.ActiveCfg = Release|Any CPU
		{2DEFC5EB-B18C-40D9-B5B9-5D73DD03554D}.Release|Any CPU.Build.0 = Release|Any CPU
	EndGlobalSection
	GlobalSection(SolutionProperties) = preSolution
		HideSolutionNode = FALSE
	EndGlobalSection
	GlobalSection(ExtensibilityGlobals) = postSolution
		SolutionGuid = {5CF97753-7005-4104-B3A5-AE3918F67A5D}
	EndGlobalSection
EndGlobal
